<?xml version="1.0" encoding="utf-8"?>
<Project ToolsVersion="4.0" xmlns="http://schemas.microsoft.com/developer/msbuild/2003">
  <ItemGroup>
    <Filter Include="Source Files">
      <UniqueIdentifier>{5f7512a8-8b29-4031-9a7a-a5f01fded511}</UniqueIdentifier>
      <Extensions>cpp;c;cxx;rc;def;r;odl;hpj;bat;for;f90</Extensions>
    </Filter>
    <Filter Include="Header Files">
      <UniqueIdentifier>{7e5063d6-9066-4858-ad15-5db4495a435f}</UniqueIdentifier>
      <Extensions>h;hpp;hxx;hm;inl;fi;fd</Extensions>
    </Filter>
    <Filter Include="Resource Files">
      <UniqueIdentifier>{21151752-bc60-49f4-a462-73375fe40cfb}</UniqueIdentifier>
      <Extensions>ico;cur;bmp;dlg;rc2;rct;bin;cnt;rtf;gif;jpg;jpeg;jpe</Extensions>
    </Filter>
    <Filter Include="Header Files\kooglebot">
      <UniqueIdentifier>{03e23574-9fa8-4dea-8285-568aa666a589}</UniqueIdentifier>
    </Filter>
    <Filter Include="Source Files\koogle bot src">
      <UniqueIdentifier>{4bbbd429-4eea-4cb2-8a52-fe8e74536bb6}</UniqueIdentifier>
    </Filter>
  </ItemGroup>
  <ItemGroup>
    <ClCompile Include="..\..\game\g_ai.c">
      <Filter>Source Files</Filter>
    </ClCompile>
    <ClCompile Include="..\..\game\g_camera.c">
      <Filter>Source Files</Filter>
    </ClCompile>
    <ClCompile Include="..\..\game\g_chase.c">
      <Filter>Source Files</Filter>
    </ClCompile>
    <ClCompile Include="..\..\game\g_cmds.c">
      <Filter>Source Files</Filter>
    </ClCompile>
    <ClCompile Include="..\..\game\g_combat.c">
      <Filter>Source Files</Filter>
    </ClCompile>
    <ClCompile Include="..\..\game\g_crane.c">
      <Filter>Source Files</Filter>
    </ClCompile>
    <ClCompile Include="..\..\game\g_ctf.c">
      <Filter>Source Files</Filter>
    </ClCompile>
    <ClCompile Include="..\..\game\g_fog.c">
      <Filter>Source Files</Filter>
    </ClCompile>
    <ClCompile Include="..\..\game\g_func.c">
      <Filter>Source Files</Filter>
    </ClCompile>
    <ClCompile Include="..\..\game\g_items.c">
      <Filter>Source Files</Filter>
    </ClCompile>
    <ClCompile Include="..\..\game\g_jetpack.c">
      <Filter>Source Files</Filter>
    </ClCompile>
    <ClCompile Include="..\..\game\g_lights.c">
      <Filter>Source Files</Filter>
    </ClCompile>
    <ClCompile Include="..\..\game\g_lock.c">
      <Filter>Source Files</Filter>
    </ClCompile>
    <ClCompile Include="..\..\game\g_main.c">
      <Filter>Source Files</Filter>
    </ClCompile>
    <ClCompile Include="..\..\game\g_misc.c">
      <Filter>Source Files</Filter>
    </ClCompile>
    <ClCompile Include="..\..\game\g_model.c">
      <Filter>Source Files</Filter>
    </ClCompile>
    <ClCompile Include="..\..\game\g_monster.c">
      <Filter>Source Files</Filter>
    </ClCompile>
    <ClCompile Include="..\..\game\g_moreai.c">
      <Filter>Source Files</Filter>
    </ClCompile>
    <ClCompile Include="..\..\game\g_mtrain.c">
      <Filter>Source Files</Filter>
    </ClCompile>
    <ClCompile Include="..\..\game\g_patchplayermodels.c">
      <Filter>Source Files</Filter>
    </ClCompile>
    <ClCompile Include="..\..\game\g_pendulum.c">
      <Filter>Source Files</Filter>
    </ClCompile>
    <ClCompile Include="..\..\game\g_phys.c">
      <Filter>Source Files</Filter>
    </ClCompile>
    <ClCompile Include="..\..\game\g_reflect.c">
      <Filter>Source Files</Filter>
    </ClCompile>
    <ClCompile Include="..\..\game\g_save.c">
      <Filter>Source Files</Filter>
    </ClCompile>
    <ClCompile Include="..\..\game\g_spawn.c">
      <Filter>Source Files</Filter>
    </ClCompile>
    <ClCompile Include="..\..\game\g_svcmds.c">
      <Filter>Source Files</Filter>
    </ClCompile>
    <ClCompile Include="..\..\game\g_target.c">
      <Filter>Source Files</Filter>
    </ClCompile>
    <ClCompile Include="..\..\game\g_thing.c">
      <Filter>Source Files</Filter>
    </ClCompile>
    <ClCompile Include="..\..\game\g_tracktrain.c">
      <Filter>Source Files</Filter>
    </ClCompile>
    <ClCompile Include="..\..\game\g_trigger.c">
      <Filter>Source Files</Filter>
    </ClCompile>
    <ClCompile Include="..\..\game\g_turret.c">
      <Filter>Source Files</Filter>
    </ClCompile>
    <ClCompile Include="..\..\game\g_utils.c">
      <Filter>Source Files</Filter>
    </ClCompile>
    <ClCompile Include="..\..\game\g_vehicle.c">
      <Filter>Source Files</Filter>
    </ClCompile>
    <ClCompile Include="..\..\game\g_weapon.c">
      <Filter>Source Files</Filter>
    </ClCompile>
    <ClCompile Include="..\..\game\km_cvar.c">
      <Filter>Source Files</Filter>
    </ClCompile>
    <ClCompile Include="..\..\game\m_actor.c">
      <Filter>Source Files</Filter>
    </ClCompile>
    <ClCompile Include="..\..\game\m_actor_weap.c">
      <Filter>Source Files</Filter>
    </ClCompile>
    <ClCompile Include="..\..\game\m_berserk.c">
      <Filter>Source Files</Filter>
    </ClCompile>
    <ClCompile Include="..\..\game\m_boss2.c">
      <Filter>Source Files</Filter>
    </ClCompile>
    <ClCompile Include="..\..\game\m_boss3.c">
      <Filter>Source Files</Filter>
    </ClCompile>
    <ClCompile Include="..\..\game\m_boss31.c">
      <Filter>Source Files</Filter>
    </ClCompile>
    <ClCompile Include="..\..\game\m_boss32.c">
      <Filter>Source Files</Filter>
    </ClCompile>
    <ClCompile Include="..\..\game\m_brain.c">
      <Filter>Source Files</Filter>
    </ClCompile>
    <ClCompile Include="..\..\game\m_chick.c">
      <Filter>Source Files</Filter>
    </ClCompile>
    <ClCompile Include="..\..\game\m_flash.c">
      <Filter>Source Files</Filter>
    </ClCompile>
    <ClCompile Include="..\..\game\m_flipper.c">
      <Filter>Source Files</Filter>
    </ClCompile>
    <ClCompile Include="..\..\game\m_float.c">
      <Filter>Source Files</Filter>
    </ClCompile>
    <ClCompile Include="..\..\game\m_flyer.c">
      <Filter>Source Files</Filter>
    </ClCompile>
    <ClCompile Include="..\..\game\m_gladiator.c">
      <Filter>Source Files</Filter>
    </ClCompile>
    <ClCompile Include="..\..\game\m_gunner.c">
      <Filter>Source Files</Filter>
    </ClCompile>
    <ClCompile Include="..\..\game\m_hover.c">
      <Filter>Source Files</Filter>
    </ClCompile>
    <ClCompile Include="..\..\game\m_infantry.c">
      <Filter>Source Files</Filter>
    </ClCompile>
    <ClCompile Include="..\..\game\m_insane.c">
      <Filter>Source Files</Filter>
    </ClCompile>
    <ClCompile Include="..\..\game\m_medic.c">
      <Filter>Source Files</Filter>
    </ClCompile>
    <ClCompile Include="..\..\game\m_move.c">
      <Filter>Source Files</Filter>
    </ClCompile>
    <ClCompile Include="..\..\game\m_mutant.c">
      <Filter>Source Files</Filter>
    </ClCompile>
    <ClCompile Include="..\..\game\m_parasite.c">
      <Filter>Source Files</Filter>
    </ClCompile>
    <ClCompile Include="..\..\game\m_soldier.c">
      <Filter>Source Files</Filter>
    </ClCompile>
    <ClCompile Include="..\..\game\m_supertank.c">
      <Filter>Source Files</Filter>
    </ClCompile>
    <ClCompile Include="..\..\game\m_tank.c">
      <Filter>Source Files</Filter>
    </ClCompile>
    <ClCompile Include="..\..\game\p_chase.c">
      <Filter>Source Files</Filter>
    </ClCompile>
    <ClCompile Include="..\..\game\p_client.c">
      <Filter>Source Files</Filter>
    </ClCompile>
    <ClCompile Include="..\..\game\p_hud.c">
      <Filter>Source Files</Filter>
    </ClCompile>
    <ClCompile Include="..\..\game\p_menu.c">
      <Filter>Source Files</Filter>
    </ClCompile>
    <ClCompile Include="..\..\game\p_text.c">
      <Filter>Source Files</Filter>
    </ClCompile>
    <ClCompile Include="..\..\game\p_trail.c">
      <Filter>Source Files</Filter>
    </ClCompile>
    <ClCompile Include="..\..\game\p_view.c">
      <Filter>Source Files</Filter>
    </ClCompile>
    <ClCompile Include="..\..\game\p_weapon.c">
      <Filter>Source Files</Filter>
    </ClCompile>
    <ClCompile Include="..\..\game\q_shared.c">
      <Filter>Source Files</Filter>
    </ClCompile>
    <ClCompile Include="..\..\game\kooglebot_ai.c">
      <Filter>Source Files\koogle bot src</Filter>
    </ClCompile>
    <ClCompile Include="..\..\game\kooglebot_cmds.c">
      <Filter>Source Files\koogle bot src</Filter>
    </ClCompile>
    <ClCompile Include="..\..\game\kooglebot_compress.c">
      <Filter>Source Files\koogle bot src</Filter>
    </ClCompile>
    <ClCompile Include="..\..\game\kooglebot_items.c">
      <Filter>Source Files\koogle bot src</Filter>
    </ClCompile>
    <ClCompile Include="..\..\game\kooglebot_movement.c">
      <Filter>Source Files\koogle bot src</Filter>
    </ClCompile>
    <ClCompile Include="..\..\game\kooglebot_nodes.c">
      <Filter>Source Files\koogle bot src</Filter>
    </ClCompile>
    <ClCompile Include="..\..\game\kooglebot_spawn.c">
      <Filter>Source Files\koogle bot src</Filter>
    </ClCompile>
  </ItemGroup>
  <ItemGroup>
    <ClInclude Include="..\..\game\g_ctf.h">
      <Filter>Header Files</Filter>
    </ClInclude>
    <ClInclude Include="..\..\game\g_local.h">
      <Filter>Header Files</Filter>
    </ClInclude>
    <ClInclude Include="..\..\game\game.h">
      <Filter>Header Files</Filter>
    </ClInclude>
    <ClInclude Include="..\..\game\km_cvar.h">
      <Filter>Header Files</Filter>
    </ClInclude>
    <ClInclude Include="..\..\game\laz_misc.h">
      <Filter>Header Files</Filter>
    </ClInclude>
    <ClInclude Include="..\..\game\m_actor.h">
      <Filter>Header Files</Filter>
    </ClInclude>
    <ClInclude Include="..\..\game\m_berserk.h">
      <Filter>Header Files</Filter>
    </ClInclude>
    <ClInclude Include="..\..\game\m_boss2.h">
      <Filter>Header Files</Filter>
    </ClInclude>
    <ClInclude Include="..\..\game\m_boss31.h">
      <Filter>Header Files</Filter>
    </ClInclude>
    <ClInclude Include="..\..\game\m_boss32.h">
      <Filter>Header Files</Filter>
    </ClInclude>
    <ClInclude Include="..\..\game\m_brain.h">
      <Filter>Header Files</Filter>
    </ClInclude>
    <ClInclude Include="..\..\game\m_chick.h">
      <Filter>Header Files</Filter>
    </ClInclude>
    <ClInclude Include="..\..\game\m_flipper.h">
      <Filter>Header Files</Filter>
    </ClInclude>
    <ClInclude Include="..\..\game\m_float.h">
      <Filter>Header Files</Filter>
    </ClInclude>
    <ClInclude Include="..\..\game\m_flyer.h">
      <Filter>Header Files</Filter>
    </ClInclude>
    <ClInclude Include="..\..\game\m_gladiator.h">
      <Filter>Header Files</Filter>
    </ClInclude>
    <ClInclude Include="..\..\game\m_gunner.h">
      <Filter>Header Files</Filter>
    </ClInclude>
    <ClInclude Include="..\..\game\m_hover.h">
      <Filter>Header Files</Filter>
    </ClInclude>
    <ClInclude Include="..\..\game\m_infantry.h">
      <Filter>Header Files</Filter>
    </ClInclude>
    <ClInclude Include="..\..\game\m_insane.h">
      <Filter>Header Files</Filter>
    </ClInclude>
    <ClInclude Include="..\..\game\m_medic.h">
      <Filter>Header Files</Filter>
    </ClInclude>
    <ClInclude Include="..\..\game\m_mutant.h">
      <Filter>Header Files</Filter>
    </ClInclude>
    <ClInclude Include="..\..\game\m_parasite.h">
      <Filter>Header Files</Filter>
    </ClInclude>
    <ClInclude Include="..\..\game\m_player.h">
      <Filter>Header Files</Filter>
    </ClInclude>
    <ClInclude Include="..\..\game\m_soldier.h">
      <Filter>Header Files</Filter>
    </ClInclude>
    <ClInclude Include="..\..\game\m_supertank.h">
      <Filter>Header Files</Filter>
    </ClInclude>
    <ClInclude Include="..\..\game\m_tank.h">
      <Filter>Header Files</Filter>
    </ClInclude>
    <ClInclude Include="..\..\game\p_menu.h">
      <Filter>Header Files</Filter>
    </ClInclude>
    <ClInclude Include="..\..\game\p_text.h">
      <Filter>Header Files</Filter>
    </ClInclude>
    <ClInclude Include="..\..\game\pak.h">
      <Filter>Header Files</Filter>
    </ClInclude>
    <ClInclude Include="..\..\game\q_shared.h">
      <Filter>Header Files</Filter>
    </ClInclude>
    <ClInclude Include="resource.h">
      <Filter>Header Files</Filter>
    </ClInclude>
    <ClInclude Include="..\..\game\kooglebot.h">
      <Filter>Header Files\kooglebot</Filter>
    </ClInclude>
  </ItemGroup>
  <ItemGroup>
    <ResourceCompile Include="server.rc">
      <Filter>Resource Files</Filter>
    </ResourceCompile>
  </ItemGroup>
  <ItemGroup>
    <CustomBuild Include="..\..\game\server.def">
      <Filter>Resource Files</Filter>
    </CustomBuild>
  </ItemGroup>
  <ItemGroup>
    <Image Include="..\..\win32\Kingpin.ico">
      <Filter>Resource Files</Filter>
    </Image>
  </ItemGroup>
</Project>