<?xml version="1.0" encoding="utf-8"?>
<Project ToolsVersion="4.0" xmlns="http://schemas.microsoft.com/developer/msbuild/2003">
  <ItemGroup>
    <Filter Include="Source Files">
      <UniqueIdentifier>{cb9707e0-1c1f-4ba9-965a-d58a48d98b85}</UniqueIdentifier>
      <Extensions>cpp;c;cxx;rc;def;r;odl;hpj;bat;for;f90</Extensions>
    </Filter>
    <Filter Include="Header Files">
      <UniqueIdentifier>{5b6d3658-963f-47ea-a677-88814481b6e7}</UniqueIdentifier>
      <Extensions>h;hpp;hxx;hm;inl;fi;fd</Extensions>
    </Filter>
    <Filter Include="Resource Files">
      <UniqueIdentifier>{81b3d343-2ba9-4fff-930c-4420086e2cbb}</UniqueIdentifier>
      <Extensions>ico;cur;bmp;dlg;rc2;rct;bin;cnt;rtf;gif;jpg;jpeg;jpe</Extensions>
    </Filter>
  </ItemGroup>
  <ItemGroup>
    <ClCompile Include="brushbsp.c">
      <Filter>Source Files</Filter>
    </ClCompile>
    <ClCompile Include="..\common\bspfile.c">
      <Filter>Source Files</Filter>
    </ClCompile>
    <ClCompile Include="..\common\cmdlib.c">
      <Filter>Source Files</Filter>
    </ClCompile>
    <ClCompile Include="csg.c">
      <Filter>Source Files</Filter>
    </ClCompile>
    <ClCompile Include="faces.c">
      <Filter>Source Files</Filter>
    </ClCompile>
    <ClCompile Include="glfile.c">
      <Filter>Source Files</Filter>
    </ClCompile>
    <ClCompile Include="..\common\lbmlib.c">
      <Filter>Source Files</Filter>
    </ClCompile>
    <ClCompile Include="leakfile.c">
      <Filter>Source Files</Filter>
    </ClCompile>
    <ClCompile Include="map.c">
      <Filter>Source Files</Filter>
    </ClCompile>
    <ClCompile Include="..\common\mathlib.c">
      <Filter>Source Files</Filter>
    </ClCompile>
    <ClCompile Include="..\common\pak.c">
      <Filter>Source Files</Filter>
    </ClCompile>
    <ClCompile Include="..\common\parsecfg.c">
      <Filter>Source Files</Filter>
    </ClCompile>
    <ClCompile Include="..\common\polylib.c">
      <Filter>Source Files</Filter>
    </ClCompile>
    <ClCompile Include="portals.c">
      <Filter>Source Files</Filter>
    </ClCompile>
    <ClCompile Include="prtfile.c">
      <Filter>Source Files</Filter>
    </ClCompile>
    <ClCompile Include="qbsp3.c">
      <Filter>Source Files</Filter>
    </ClCompile>
    <ClCompile Include="..\common\scriplib.c">
      <Filter>Source Files</Filter>
    </ClCompile>
    <ClCompile Include="textures.c">
      <Filter>Source Files</Filter>
    </ClCompile>
    <ClCompile Include="..\common\threads.c">
      <Filter>Source Files</Filter>
    </ClCompile>
    <ClCompile Include="tree.c">
      <Filter>Source Files</Filter>
    </ClCompile>
    <ClCompile Include="writebsp.c">
      <Filter>Source Files</Filter>
    </ClCompile>
  </ItemGroup>
  <ItemGroup>
    <ResourceCompile Include="resource.rc">
      <Filter>Source Files</Filter>
    </ResourceCompile>
  </ItemGroup>
  <ItemGroup>
    <ClInclude Include="..\common\bspfile.h">
      <Filter>Header Files</Filter>
    </ClInclude>
    <ClInclude Include="..\common\cmdlib.h">
      <Filter>Header Files</Filter>
    </ClInclude>
    <ClInclude Include="..\common\outdim.h">
      <Filter>Header Files</Filter>
    </ClInclude>
    <ClInclude Include="..\common\parsecfg.h">
      <Filter>Header Files</Filter>
    </ClInclude>
    <ClInclude Include="..\common\polylib.h">
      <Filter>Header Files</Filter>
    </ClInclude>
    <ClInclude Include="qbsp.h">
      <Filter>Header Files</Filter>
    </ClInclude>
    <ClInclude Include="..\common\qfiles.h">
      <Filter>Header Files</Filter>
    </ClInclude>
    <ClInclude Include="resource.h">
      <Filter>Header Files</Filter>
    </ClInclude>
    <ClInclude Include="..\common\threads.h">
      <Filter>Header Files</Filter>
    </ClInclude>
  </ItemGroup>
  <ItemGroup>
    <Text Include="Kingpin v1.22 qbsp3 1.13d.txt" />
  </ItemGroup>
</Project>